
Microsoft Visual Studio Solution File, Format Version 12.00
# Visual Studio 15
VisualStudioVersion = 15.0.28010.2003
MinimumVisualStudioVersion = 10.0.40219.1
Project("{8BC9CEB8-8B4A-11D0-8D11-00A0C91BC942}") = "ex_17_2018182025", "ex_17_2018182025\ex_17_2018182025.vcxproj", "{AB507F16-6C20-4F3E-8D57-9E1AC6FE18D0}"
EndProject
Global
	GlobalSection(SolutionConfigurationPlatforms) = preSolution
		Debug|x64 = Debug|x64
		Debug|x86 = Debug|x86
		Release|x64 = Release|x64
		Release|x86 = Release|x86
	EndGlobalSection
	GlobalSection(ProjectConfigurationPlatforms) = postSolution
		{AB507F16-6C20-4F3E-8D57-9E1AC6FE18D0}.Debug|x64.ActiveCfg = Debug|x64
		{AB507F16-6C20-4F3E-8D57-9E1AC6FE18D0}.Debug|x64.Build.0 = Debug|x64
		{AB507F16-6C20-4F3E-8D57-9E1AC6FE18D0}.Debug|x86.ActiveCfg = Debug|Win32
		{AB507F16-6C20-4F3E-8D57-9E1AC6FE18D0}.Debug|x86.Build.0 = Debug|Win32
		{AB507F16-6C20-4F3E-8D57-9E1AC6FE18D0}.Release|x64.ActiveCfg = Release|x64
		{AB507F16-6C20-4F3E-8D57-9E1AC6FE18D0}.Release|x64.Build.0 = Release|x64
		{AB507F16-6C20-4F3E-8D57-9E1AC6FE18D0}.Release|x86.ActiveCfg = Release|Win32
		{AB507F16-6C20-4F3E-8D57-9E1AC6FE18D0}.Release|x86.Build.0 = Release|Win32
	EndGlobalSection
	GlobalSection(SolutionProperties) = preSolution
		HideSolutionNode = FALSE
	EndGlobalSection
	GlobalSection(ExtensibilityGlobals) = postSolution
		SolutionGuid = {F4E40B1F-E872-4726-99CF-8A232E6EAE76}
	EndGlobalSection
EndGlobal
